
Microsoft Visual Studio Solution File, Format Version 12.00
# Visual Studio 14
VisualStudioVersion = 14.0.25420.1
MinimumVisualStudioVersion = 10.0.40219.1
Project("{FAE04EC0-301F-11D3-BF4B-00C04F79EFBC}") = "ParentChildAssignment", "ParentChildAssignment\ParentChildAssignment.csproj", "{5E3EC538-A7F1-4517-8C52-495ECA7867B1}"
EndProject
Project("{FAE04EC0-301F-11D3-BF4B-00C04F79EFBC}") = "BusinessLogic", "BusinessLogic\BusinessLogic.csproj", "{AD3C9B18-79CD-4B43-AF30-9D5642EB04C2}"
EndProject
Project("{FAE04EC0-301F-11D3-BF4B-00C04F79EFBC}") = "Tests", "Tests\Tests.csproj", "{59BD8E91-7C2A-409A-847E-9CF68EE3C641}"
EndProject
Global
	GlobalSection(SolutionConfigurationPlatforms) = preSolution
		Debug|Any CPU = Debug|Any CPU
		Release|Any CPU = Release|Any CPU
	EndGlobalSection
	GlobalSection(ProjectConfigurationPlatforms) = postSolution
		{5E3EC538-A7F1-4517-8C52-495ECA7867B1}.Debug|Any CPU.ActiveCfg = Debug|Any CPU
		{5E3EC538-A7F1-4517-8C52-495ECA7867B1}.Debug|Any CPU.Build.0 = Debug|Any CPU
		{5E3EC538-A7F1-4517-8C52-495ECA7867B1}.Release|Any CPU.ActiveCfg = Release|Any CPU
		{5E3EC538-A7F1-4517-8C52-495ECA7867B1}.Release|Any CPU.Build.0 = Release|Any CPU
		{AD3C9B18-79CD-4B43-AF30-9D5642EB04C2}.Debug|Any CPU.ActiveCfg = Debug|Any CPU
		{AD3C9B18-79CD-4B43-AF30-9D5642EB04C2}.Debug|Any CPU.Build.0 = Debug|Any CPU
		{AD3C9B18-79CD-4B43-AF30-9D5642EB04C2}.Release|Any CPU.ActiveCfg = Release|Any CPU
		{AD3C9B18-79CD-4B43-AF30-9D5642EB04C2}.Release|Any CPU.Build.0 = Release|Any CPU
		{59BD8E91-7C2A-409A-847E-9CF68EE3C641}.Debug|Any CPU.ActiveCfg = Debug|Any CPU
		{59BD8E91-7C2A-409A-847E-9CF68EE3C641}.Debug|Any CPU.Build.0 = Debug|Any CPU
		{59BD8E91-7C2A-409A-847E-9CF68EE3C641}.Release|Any CPU.ActiveCfg = Release|Any CPU
		{59BD8E91-7C2A-409A-847E-9CF68EE3C641}.Release|Any CPU.Build.0 = Release|Any CPU
	EndGlobalSection
	GlobalSection(SolutionProperties) = preSolution
		HideSolutionNode = FALSE
	EndGlobalSection
EndGlobal
